{
  "name": "@puregram/hear",
  "version": "2.0.2",
  "lockfileVersion": 1,
  "requires": true,
  "dependencies": {
    "middleware-io": {
      "version": "2.8.1",
      "resolved": "https://registry.npmjs.org/middleware-io/-/middleware-io-2.8.1.tgz",
      "integrity": "sha512-H0XftkexHKxxQsoCsItMzM7WU3S/rIFzL3T4guU8tWLKr7e5cVkdaZ+JQeeL+TB3OaHpqFi/ozYqQl69z2X6bg=="
    }
  }
}
