{
  "name": "@puregram/hear",
  "version": "1.0.0",
  "lockfileVersion": 1,
  "requires": true,
  "dependencies": {
    "middleware-io": {
      "version": "2.5.0",
      "resolved": "https://registry.npmjs.org/middleware-io/-/middleware-io-2.5.0.tgz",
      "integrity": "sha512-UGy7fSCIX1QlTT+5lZAvp2M5mMBd0gdErmuAd7RWM9BTHnLH1iMSzHlelUe7di1EIgTcSFOlm7UL/pzP57+X/w=="
    }
  }
}
